
Microsoft Visual Studio Solution File, Format Version 12.00
# Visual Studio Version 17
VisualStudioVersion = 17.11.35312.102
MinimumVisualStudioVersion = 10.0.40219.1
Project("{8BC9CEB8-8B4A-11D0-8D11-00A0C91BC942}") = "Laba3Lists", "Laba3Lists.vcxproj", "{436AEF20-B6AA-4C97-B889-66B2AB4E7190}"
EndProject
Global
	GlobalSection(SolutionConfigurationPlatforms) = preSolution
		Debug|x64 = Debug|x64
		Debug|x86 = Debug|x86
		Release|x64 = Release|x64
		Release|x86 = Release|x86
	EndGlobalSection
	GlobalSection(ProjectConfigurationPlatforms) = postSolution
		{436AEF20-B6AA-4C97-B889-66B2AB4E7190}.Debug|x64.ActiveCfg = Debug|x64
		{436AEF20-B6AA-4C97-B889-66B2AB4E7190}.Debug|x64.Build.0 = Debug|x64
		{436AEF20-B6AA-4C97-B889-66B2AB4E7190}.Debug|x86.ActiveCfg = Debug|Win32
		{436AEF20-B6AA-4C97-B889-66B2AB4E7190}.Debug|x86.Build.0 = Debug|Win32
		{436AEF20-B6AA-4C97-B889-66B2AB4E7190}.Release|x64.ActiveCfg = Release|x64
		{436AEF20-B6AA-4C97-B889-66B2AB4E7190}.Release|x64.Build.0 = Release|x64
		{436AEF20-B6AA-4C97-B889-66B2AB4E7190}.Release|x86.ActiveCfg = Release|Win32
		{436AEF20-B6AA-4C97-B889-66B2AB4E7190}.Release|x86.Build.0 = Release|Win32
	EndGlobalSection
	GlobalSection(SolutionProperties) = preSolution
		HideSolutionNode = FALSE
	EndGlobalSection
	GlobalSection(ExtensibilityGlobals) = postSolution
		SolutionGuid = {45197FC3-2CA7-45FF-A529-8D7E62F93EF7}
	EndGlobalSection
EndGlobal
